<?xml version="1.0" encoding="utf-8"?>
<Project ToolsVersion="4.0" xmlns="http://schemas.microsoft.com/developer/msbuild/2003">
  <ItemGroup>
    <Filter Include="Source Files">
      <UniqueIdentifier>{4FC737F1-C7A5-4376-A066-2A32D752A2FF}</UniqueIdentifier>
      <Extensions>cpp;c;cc;cxx;def;odl;idl;hpj;bat;asm;asmx</Extensions>
    </Filter>
    <Filter Include="Header Files">
      <UniqueIdentifier>{93995380-89BD-4b04-88EB-625FBE52EBFB}</UniqueIdentifier>
      <Extensions>h;hh;hpp;hxx;hm;inl;inc;xsd</Extensions>
    </Filter>
    <Filter Include="Resource Files">
      <UniqueIdentifier>{67DA6AB6-F800-4c08-8B7A-83BB121AAD01}</UniqueIdentifier>
      <Extensions>rc;ico;cur;bmp;dlg;rc2;rct;bin;rgs;gif;jpg;jpeg;jpe;resx;tiff;tif;png;wav;mfcribbon-ms</Extensions>
    </Filter>
  </ItemGroup>
  <ItemGroup>
    <ClCompile Include="main.cpp">
      <Filter>Source Files</Filter>
    </ClCompile>
    <ClCompile Include="Buffer\ebo.cpp">
      <Filter>Source Files</Filter>
    </ClCompile>
    <ClCompile Include="Buffer\vao.cpp">
      <Filter>Source Files</Filter>
    </ClCompile>
    <ClCompile Include="Buffer\vbo.cpp">
      <Filter>Source Files</Filter>
    </ClCompile>
    <ClCompile Include="Context\context.cpp">
      <Filter>Source Files</Filter>
    </ClCompile>
    <ClCompile Include="Helper\image.cpp">
      <Filter>Source Files</Filter>
    </ClCompile>
    <ClCompile Include="Render\Light\attenuation.cpp">
      <Filter>Source Files</Filter>
    </ClCompile>
    <ClCompile Include="Render\Light\directional_light.cpp">
      <Filter>Source Files</Filter>
    </ClCompile>
    <ClCompile Include="Render\Light\phong.cpp">
      <Filter>Source Files</Filter>
    </ClCompile>
    <ClCompile Include="Render\Light\point_light.cpp">
      <Filter>Source Files</Filter>
    </ClCompile>
    <ClCompile Include="Render\Light\spotlight.cpp">
      <Filter>Source Files</Filter>
    </ClCompile>
    <ClCompile Include="Render\camera.cpp">
      <Filter>Source Files</Filter>
    </ClCompile>
    <ClCompile Include="Render\program.cpp">
      <Filter>Source Files</Filter>
    </ClCompile>
    <ClCompile Include="Render\renderbuffer.cpp">
      <Filter>Source Files</Filter>
    </ClCompile>
    <ClCompile Include="Render\renderer.cpp">
      <Filter>Source Files</Filter>
    </ClCompile>
    <ClCompile Include="Render\shader.cpp">
      <Filter>Source Files</Filter>
    </ClCompile>
    <ClCompile Include="Render\framebuffer.cpp">
      <Filter>Source Files</Filter>
    </ClCompile>
    <ClCompile Include="Model\cubemap.cpp">
      <Filter>Source Files</Filter>
    </ClCompile>
    <ClCompile Include="Model\mesh.cpp">
      <Filter>Source Files</Filter>
    </ClCompile>
    <ClCompile Include="Model\model.cpp">
      <Filter>Source Files</Filter>
    </ClCompile>
    <ClCompile Include="Model\texture.cpp">
      <Filter>Source Files</Filter>
    </ClCompile>
    <ClCompile Include="Model\vertex.cpp">
      <Filter>Source Files</Filter>
    </ClCompile>
    <ClCompile Include="Event\event_broadcaster.cpp">
      <Filter>Source Files</Filter>
    </ClCompile>
    <ClCompile Include="Game\game.cpp">
      <Filter>Source Files</Filter>
    </ClCompile>
  </ItemGroup>
  <ItemGroup>
    <ClInclude Include="Buffer\ebo.h">
      <Filter>Header Files</Filter>
    </ClInclude>
    <ClInclude Include="Buffer\vao.h">
      <Filter>Header Files</Filter>
    </ClInclude>
    <ClInclude Include="Buffer\vbo.h">
      <Filter>Header Files</Filter>
    </ClInclude>
    <ClInclude Include="Context\context.h">
      <Filter>Header Files</Filter>
    </ClInclude>
    <ClInclude Include="Helper\fileio.h">
      <Filter>Header Files</Filter>
    </ClInclude>
    <ClInclude Include="Helper\helper.h">
      <Filter>Header Files</Filter>
    </ClInclude>
    <ClInclude Include="Helper\image.h">
      <Filter>Header Files</Filter>
    </ClInclude>
    <ClInclude Include="Render\Light\attenuation.h">
      <Filter>Header Files</Filter>
    </ClInclude>
    <ClInclude Include="Render\Light\directional_light.h">
      <Filter>Header Files</Filter>
    </ClInclude>
    <ClInclude Include="Render\Light\phong.h">
      <Filter>Header Files</Filter>
    </ClInclude>
    <ClInclude Include="Render\Light\point_light.h">
      <Filter>Header Files</Filter>
    </ClInclude>
    <ClInclude Include="Render\Light\spotlight.h">
      <Filter>Header Files</Filter>
    </ClInclude>
    <ClInclude Include="Render\camera.h">
      <Filter>Header Files</Filter>
    </ClInclude>
    <ClInclude Include="Render\program.h">
      <Filter>Header Files</Filter>
    </ClInclude>
    <ClInclude Include="Render\renderbuffer.h">
      <Filter>Header Files</Filter>
    </ClInclude>
    <ClInclude Include="Render\renderer.h">
      <Filter>Header Files</Filter>
    </ClInclude>
    <ClInclude Include="Render\shader.h">
      <Filter>Header Files</Filter>
    </ClInclude>
    <ClInclude Include="Render\framebuffer.h">
      <Filter>Header Files</Filter>
    </ClInclude>
    <ClInclude Include="Model\cubemap.h">
      <Filter>Header Files</Filter>
    </ClInclude>
    <ClInclude Include="Model\mesh.h">
      <Filter>Header Files</Filter>
    </ClInclude>
    <ClInclude Include="Model\model.h">
      <Filter>Header Files</Filter>
    </ClInclude>
    <ClInclude Include="Model\texture.h">
      <Filter>Header Files</Filter>
    </ClInclude>
    <ClInclude Include="Model\vertex.h">
      <Filter>Header Files</Filter>
    </ClInclude>
    <ClInclude Include="Event\event_broadcaster.h">
      <Filter>Header Files</Filter>
    </ClInclude>
    <ClInclude Include="Event\event_listener.h">
      <Filter>Header Files</Filter>
    </ClInclude>
    <ClInclude Include="Event\camera_changed_listener.h">
      <Filter>Header Files</Filter>
    </ClInclude>
    <ClInclude Include="Game\game.h">
      <Filter>Header Files</Filter>
    </ClInclude>
  </ItemGroup>
  <ItemGroup>
    <None Include="Shaders\Fragment\test.frag" />
    <None Include="Shaders\Vertex\test.vert" />
    <None Include="assimp.dll" />
  </ItemGroup>
</Project>