<?xml version="1.0" encoding="utf-8"?>
<Project ToolsVersion="4.0" xmlns="http://schemas.microsoft.com/developer/msbuild/2003">
  <ItemGroup>
    <ClCompile Include="Buffer\ebo.cpp" />
    <ClCompile Include="Buffer\vao.cpp" />
    <ClCompile Include="Buffer\vbo.cpp" />
    <ClCompile Include="Context\context.cpp" />
    <ClCompile Include="Game\Component\camera_controller.cpp" />
    <ClCompile Include="Game\game.cpp" />
    <ClCompile Include="Game\Object\game_object.cpp" />
    <ClCompile Include="Game\Input\input_controller.cpp" />
    <ClCompile Include="Game\Input\mouse_state.cpp" />
    <ClCompile Include="Game\Object\object_manager.cpp" />
    <ClCompile Include="Game\Physics\transform.cpp" />
    <ClCompile Include="Game\Render\vertex_render_component.cpp" />
    <ClCompile Include="Game\timer.cpp" />
    <ClCompile Include="Helper\image.cpp" />
    <ClCompile Include="main.cpp" />
    <ClCompile Include="Model\cubemap.cpp" />
    <ClCompile Include="Model\mesh.cpp" />
    <ClCompile Include="Model\model.cpp" />
    <ClCompile Include="Model\texture.cpp" />
    <ClCompile Include="Model\vertex.cpp" />
    <ClCompile Include="Event\event_broadcaster.cpp" />
    <ClCompile Include="Render\effect_manager.cpp" />
    <ClCompile Include="Render\framebuffer.cpp" />
    <ClCompile Include="Render\Light\attenuation.cpp" />
    <ClCompile Include="Render\Light\directional_light.cpp" />
    <ClCompile Include="Render\Light\phong.cpp" />
    <ClCompile Include="Render\Light\point_light.cpp" />
    <ClCompile Include="Render\Light\spotlight.cpp" />
    <ClCompile Include="Render\program.cpp" />
    <ClCompile Include="Render\renderbuffer.cpp" />
    <ClCompile Include="Render\render_utils.cpp" />
    <ClCompile Include="Render\shader.cpp" />
    <ClCompile Include="Game\Render\model_render_component.cpp" />
    <ClCompile Include="Content\model_manager.cpp" />
    <ClCompile Include="Content\program_manager.cpp" />
    <ClCompile Include="Content\texture_manager.cpp" />
    <ClCompile Include="Content\framebuffer_manager.cpp" />
    <ClCompile Include="Game\screen_quad.cpp" />
    <ClCompile Include="Game\Component\camera.cpp" />
    <ClCompile Include="Audio\audio_manager.cpp" />
    <ClCompile Include="Render\Font\font_manager.cpp" />
  </ItemGroup>
  <ItemGroup>
    <ClInclude Include="Buffer\ebo.h" />
    <ClInclude Include="Buffer\vao.h" />
    <ClInclude Include="Buffer\vbo.h" />
    <ClInclude Include="Context\context.h" />
    <ClInclude Include="Game\Component\camera_controller.h" />
    <ClInclude Include="Game\Component\icomponent.h" />
    <ClInclude Include="Game\Object\game_object.h" />
    <ClInclude Include="Game\Input\input_controller.h" />
    <ClInclude Include="Game\Input\mouse_state.h" />
    <ClInclude Include="Game\Object\object_manager.h" />
    <ClInclude Include="Game\Render\vertex_render_component.h" />
    <ClInclude Include="Game\tag.h" />
    <ClInclude Include="Game\timer.h" />
    <ClInclude Include="Game\game.h" />
    <ClInclude Include="Game\Physics\transform.h" />
    <ClInclude Include="Helper\file_helper.h" />
    <ClInclude Include="Helper\flags.h" />
    <ClInclude Include="Helper\glm_helper.h" />
    <ClInclude Include="Helper\opengl_helper.h" />
    <ClInclude Include="Helper\image.h" />
    <ClInclude Include="Model\cubemap.h" />
    <ClInclude Include="Model\mesh.h" />
    <ClInclude Include="Model\model.h" />
    <ClInclude Include="Model\texture.h" />
    <ClInclude Include="Model\vertex.h" />
    <ClInclude Include="Event\camera_changed_listener.h" />
    <ClInclude Include="Event\event_listener.h" />
    <ClInclude Include="Event\event_broadcaster.h" />
    <ClInclude Include="Render\effect_manager.h" />
    <ClInclude Include="Render\framebuffer.h" />
    <ClInclude Include="Render\Light\attenuation.h" />
    <ClInclude Include="Render\Light\directional_light.h" />
    <ClInclude Include="Render\Light\phong.h" />
    <ClInclude Include="Render\Light\point_light.h" />
    <ClInclude Include="Render\Light\spotlight.h" />
    <ClInclude Include="Render\program.h" />
    <ClInclude Include="Render\renderbuffer.h" />
    <ClInclude Include="Render\render_utils.h" />
    <ClInclude Include="Render\shader.h" />
    <ClInclude Include="Game\Render\model_render_component.h" />
    <ClInclude Include="Content\content_manager.h" />
    <ClInclude Include="Content\model_manager.h" />
    <ClInclude Include="Content\program_manager.h" />
    <ClInclude Include="Content\texture_manager.h" />
    <ClInclude Include="Content\framebuffer_manager.h" />
    <ClInclude Include="Game\screen_quad.h" />
    <ClInclude Include="Game\Component\camera.h" />
    <ClInclude Include="Game\Component\light.h" />
    <ClInclude Include="Audio\audio_manager.h" />
    <ClInclude Include="Render\Font\font_manager.h" />
    <ClInclude Include="Render\Font\character.h" />
    <ClInclude Include="Content\refcounter.h" />
  </ItemGroup>
  <ItemGroup>
    <None Include="assimp.dll" />
    <None Include="ClassDiagram.cd" />
    <None Include="Shaders\Fragment\lambert.frag" />
    <None Include="Shaders\Fragment\model.frag" />
    <None Include="Shaders\Vertex\model.vert" />
    <None Include="Shaders\Vertex\lambert.vert" />
    <None Include="Shaders\Vertex\postprocess.vert" />
    <None Include="Shaders\Fragment\postprocess.frag" />
    <None Include="Shaders\Vertex\font.vert" />
    <None Include="Shaders\Fragment\font.frag" />
    <None Include="freetype6.dll" />
    <None Include="ikpMP3.dll" />
    <None Include="irrKlang.dll" />
  </ItemGroup>
  <ItemGroup>
    <Font Include="Resources\Font\arial.ttf" />
  </ItemGroup>
</Project>